// !$*UTF8*$!
{
	archiveVersion = 1;
	classes = {
	};
	objectVersion = 46;
	objects = {

/* Begin PBXBuildFile section */
		77CA3DDD1A23D79A002F82A4 /* AppDelegate.swift in Sources */ = {isa = PBXBuildFile; fileRef = 77CA3DDC1A23D79A002F82A4 /* AppDelegate.swift */; };
		77CA3DDF1A23D79A002F82A4 /* ViewController.swift in Sources */ = {isa = PBXBuildFile; fileRef = 77CA3DDE1A23D79A002F82A4 /* ViewController.swift */; };
		77CA3DE21A23D79A002F82A4 /* Main.storyboard in Resources */ = {isa = PBXBuildFile; fileRef = 77CA3DE01A23D79A002F82A4 /* Main.storyboard */; };
		77CA3DE41A23D79A002F82A4 /* Images.xcassets in Resources */ = {isa = PBXBuildFile; fileRef = 77CA3DE31A23D79A002F82A4 /* Images.xcassets */; };
		77CA3DE71A23D79A002F82A4 /* LaunchScreen.xib in Resources */ = {isa = PBXBuildFile; fileRef = 77CA3DE51A23D79A002F82A4 /* LaunchScreen.xib */; };
		77CA3DF31A23D79B002F82A4 /* MyFirstAppTests.swift in Sources */ = {isa = PBXBuildFile; fileRef = 77CA3DF21A23D79B002F82A4 /* MyFirstAppTests.swift */; };
/* End PBXBuildFile section */

/* Begin PBXContainerItemProxy section */
		77CA3DED1A23D79B002F82A4 /* PBXContainerItemProxy */ = {
			isa = PBXContainerItemProxy;
			containerPortal = 77CA3DCF1A23D79A002F82A4 /* Project object */;
			proxyType = 1;
			remoteGlobalIDString = 77CA3DD61A23D79A002F82A4;
			remoteInfo = MyFirstApp;
		};
/* End PBXContainerItemProxy section */

/* Begin PBXFileReference section */
		77CA3DD71A23D79A002F82A4 /* MyFirstApp.app */ = {isa = PBXFileReference; explicitFileType = wrapper.application; includeInIndex = 0; path = MyFirstApp.app; sourceTree = BUILT_PRODUCTS_DIR; };
		77CA3DDB1A23D79A002F82A4 /* Info.plist */ = {isa = PBXFileReference; lastKnownFileType = text.plist.xml; path = Info.plist; sourceTree = "<group>"; };
		77CA3DDC1A23D79A002F82A4 /* AppDelegate.swift */ = {isa = PBXFileReference; lastKnownFileType = sourcecode.swift; path = AppDelegate.swift; sourceTree = "<group>"; };
		77CA3DDE1A23D79A002F82A4 /* ViewController.swift */ = {isa = PBXFileReference; lastKnownFileType = sourcecode.swift; path = ViewController.swift; sourceTree = "<group>"; };
		77CA3DE11A23D79A002F82A4 /* Base */ = {isa = PBXFileReference; lastKnownFileType = file.storyboard; name = Base; path = Base.lproj/Main.storyboard; sourceTree = "<group>"; };
		77CA3DE31A23D79A002F82A4 /* Images.xcassets */ = {isa = PBXFileReference; lastKnownFileType = folder.assetcatalog; path = Images.xcassets; sourceTree = "<group>"; };
		77CA3DE61A23D79A002F82A4 /* Base */ = {isa = PBXFileReference; lastKnownFileType = file.xib; name = Base; path = Base.lproj/LaunchScreen.xib; sourceTree = "<group>"; };
		77CA3DEC1A23D79B002F82A4 /* MyFirstAppTests.xctest */ = {isa = PBXFileReference; explicitFileType = wrapper.cfbundle; includeInIndex = 0; path = MyFirstAppTests.xctest; sourceTree = BUILT_PRODUCTS_DIR; };
		77CA3DF11A23D79B002F82A4 /* Info.plist */ = {isa = PBXFileReference; lastKnownFileType = text.plist.xml; path = Info.plist; sourceTree = "<group>"; };
		77CA3DF21A23D79B002F82A4 /* MyFirstAppTests.swift */ = {isa = PBXFileReference; lastKnownFileType = sourcecode.swift; path = MyFirstAppTests.swift; sourceTree = "<group>"; };
/* End PBXFileReference section */

/* Begin PBXFrameworksBuildPhase section */
		77CA3DD41A23D79A002F82A4 /* Frameworks */ = {
			isa = PBXFrameworksBuildPhase;
			buildActionMask = 2147483647;
			files = (
			);
			runOnlyForDeploymentPostprocessing = 0;
		};
		77CA3DE91A23D79B002F82A4 /* Frameworks */ = {
			isa = PBXFrameworksBuildPhase;
			buildActionMask = 2147483647;
			files = (
			);
			runOnlyForDeploymentPostprocessing = 0;
		};
/* End PBXFrameworksBuildPhase section */

/* Begin PBXGroup section */
		77CA3DCE1A23D79A002F82A4 = {
			isa = PBXGroup;
			children = (
				77CA3DD91A23D79A002F82A4 /* MyFirstApp */,
				77CA3DEF1A23D79B002F82A4 /* MyFirstAppTests */,
				77CA3DD81A23D79A002F82A4 /* Products */,
			);
			sourceTree = "<group>";
		};
		77CA3DD81A23D79A002F82A4 /* Products */ = {
			isa = PBXGroup;
			children = (
				77CA3DD71A23D79A002F82A4 /* MyFirstApp.app */,
				77CA3DEC1A23D79B002F82A4 /* MyFirstAppTests.xctest */,
			);
			name = Products;
			sourceTree = "<group>";
		};
		77CA3DD91A23D79A002F82A4 /* MyFirstApp */ = {
			isa = PBXGroup;
			children = (
				77CA3DDC1A23D79A002F82A4 /* AppDelegate.swift */,
				77CA3DDE1A23D79A002F82A4 /* ViewController.swift */,
				77CA3DE01A23D79A002F82A4 /* Main.storyboard */,
				77CA3DE31A23D79A002F82A4 /* Images.xcassets */,
				77CA3DE51A23D79A002F82A4 /* LaunchScreen.xib */,
				77CA3DDA1A23D79A002F82A4 /* Supporting Files */,
			);
			path = MyFirstApp;
			sourceTree = "<group>";
		};
		77CA3DDA1A23D79A002F82A4 /* Supporting Files */ = {
			isa = PBXGroup;
			children = (
				77CA3DDB1A23D79A002F82A4 /* Info.plist */,
			);
			name = "Supporting Files";
			sourceTree = "<group>";
		};
		77CA3DEF1A23D79B002F82A4 /* MyFirstAppTests */ = {
			isa = PBXGroup;
			children = (
				77CA3DF21A23D79B002F82A4 /* MyFirstAppTests.swift */,
				77CA3DF01A23D79B002F82A4 /* Supporting Files */,
			);
			path = MyFirstAppTests;
			sourceTree = "<group>";
		};
		77CA3DF01A23D79B002F82A4 /* Supporting Files */ = {
			isa = PBXGroup;
			children = (
				77CA3DF11A23D79B002F82A4 /* Info.plist */,
			);
			name = "Supporting Files";
			sourceTree = "<group>";
		};
/* End PBXGroup section */

/* Begin PBXNativeTarget section */
		77CA3DD61A23D79A002F82A4 /* MyFirstApp */ = {
			isa = PBXNativeTarget;
			buildConfigurationList = 77CA3DF61A23D79B002F82A4 /* Build configuration list for PBXNativeTarget "MyFirstApp" */;
			buildPhases = (
				77CA3DD31A23D79A002F82A4 /* Sources */,
				77CA3DD41A23D79A002F82A4 /* Frameworks */,
				77CA3DD51A23D79A002F82A4 /* Resources */,
			);
			buildRules = (
			);
			dependencies = (
			);
			name = MyFirstApp;
			productName = MyFirstApp;
			productReference = 77CA3DD71A23D79A002F82A4 /* MyFirstApp.app */;
			productType = "com.apple.product-type.application";
		};
		77CA3DEB1A23D79B002F82A4 /* MyFirstAppTests */ = {
			isa = PBXNativeTarget;
			buildConfigurationList = 77CA3DF91A23D79B002F82A4 /* Build configuration list for PBXNativeTarget "MyFirstAppTests" */;
			buildPhases = (
				77CA3DE81A23D79B002F82A4 /* Sources */,
				77CA3DE91A23D79B002F82A4 /* Frameworks */,
				77CA3DEA1A23D79B002F82A4 /* Resources */,
			);
			buildRules = (
			);
			dependencies = (
				77CA3DEE1A23D79B002F82A4 /* PBXTargetDependency */,
			);
			name = MyFirstAppTests;
			productName = MyFirstAppTests;
			productReference = 77CA3DEC1A23D79B002F82A4 /* MyFirstAppTests.xctest */;
			productType = "com.apple.product-type.bundle.unit-test";
		};
/* End PBXNativeTarget section */

/* Begin PBXProject section */
		77CA3DCF1A23D79A002F82A4 /* Project object */ = {
			isa = PBXProject;
			attributes = {
				LastUpgradeCheck = 0610;
				ORGANIZATIONNAME = SabihaMedina;
				TargetAttributes = {
					77CA3DD61A23D79A002F82A4 = {
						CreatedOnToolsVersion = 6.1;
					};
					77CA3DEB1A23D79B002F82A4 = {
						CreatedOnToolsVersion = 6.1;
						TestTargetID = 77CA3DD61A23D79A002F82A4;
					};
				};
			};
			buildConfigurationList = 77CA3DD21A23D79A002F82A4 /* Build configuration list for PBXProject "MyFirstApp" */;
			compatibilityVersion = "Xcode 3.2";
			developmentRegion = English;
			hasScannedForEncodings = 0;
			knownRegions = (
				en,
				Base,
			);
			mainGroup = 77CA3DCE1A23D79A002F82A4;
			productRefGroup = 77CA3DD81A23D79A002F82A4 /* Products */;
			projectDirPath = "";
			projectRoot = "";
			targets = (
				77CA3DD61A23D79A002F82A4 /* MyFirstApp */,
				77CA3DEB1A23D79B002F82A4 /* MyFirstAppTests */,
			);
		};
/* End PBXProject section */

/* Begin PBXResourcesBuildPhase section */
		77CA3DD51A23D79A002F82A4 /* Resources */ = {
			isa = PBXResourcesBuildPhase;
			buildActionMask = 2147483647;
			files = (
				77CA3DE21A23D79A002F82A4 /* Main.storyboard in Resources */,
				77CA3DE71A23D79A002F82A4 /* LaunchScreen.xib in Resources */,
				77CA3DE41A23D79A002F82A4 /* Images.xcassets in Resources */,
			);
			runOnlyForDeploymentPostprocessing = 0;
		};
		77CA3DEA1A23D79B002F82A4 /* Resources */ = {
			isa = PBXResourcesBuildPhase;
			buildActionMask = 2147483647;
			files = (
			);
			runOnlyForDeploymentPostprocessing = 0;
		};
/* End PBXResourcesBuildPhase section */

/* Begin PBXSourcesBuildPhase section */
		77CA3DD31A23D79A002F82A4 /* Sources */ = {
			isa = PBXSourcesBuildPhase;
			buildActionMask = 2147483647;
			files = (
				77CA3DDF1A23D79A002F82A4 /* ViewController.swift in Sources */,
				77CA3DDD1A23D79A002F82A4 /* AppDelegate.swift in Sources */,
			);
			runOnlyForDeploymentPostprocessing = 0;
		};
		77CA3DE81A23D79B002F82A4 /* Sources */ = {
			isa = PBXSourcesBuildPhase;
			buildActionMask = 2147483647;
			files = (
				77CA3DF31A23D79B002F82A4 /* MyFirstAppTests.swift in Sources */,
			);
			runOnlyForDeploymentPostprocessing = 0;
		};
/* End PBXSourcesBuildPhase section */

/* Begin PBXTargetDependency section */
		77CA3DEE1A23D79B002F82A4 /* PBXTargetDependency */ = {
			isa = PBXTargetDependency;
			target = 77CA3DD61A23D79A002F82A4 /* MyFirstApp */;
			targetProxy = 77CA3DED1A23D79B002F82A4 /* PBXContainerItemProxy */;
		};
/* End PBXTargetDependency section */

/* Begin PBXVariantGroup section */
		77CA3DE01A23D79A002F82A4 /* Main.storyboard */ = {
			isa = PBXVariantGroup;
			children = (
				77CA3DE11A23D79A002F82A4 /* Base */,
			);
			name = Main.storyboard;
			sourceTree = "<group>";
		};
		77CA3DE51A23D79A002F82A4 /* LaunchScreen.xib */ = {
			isa = PBXVariantGroup;
			children = (
				77CA3DE61A23D79A002F82A4 /* Base */,
			);
			name = LaunchScreen.xib;
			sourceTree = "<group>";
		};
/* End PBXVariantGroup section */

/* Begin XCBuildConfiguration section */
		77CA3DF41A23D79B002F82A4 /* Debug */ = {
			isa = XCBuildConfiguration;
			buildSettings = {
				ALWAYS_SEARCH_USER_PATHS = NO;
				CLANG_CXX_LANGUAGE_STANDARD = "gnu++0x";
				CLANG_CXX_LIBRARY = "libc++";
				CLANG_ENABLE_MODULES = YES;
				CLANG_ENABLE_OBJC_ARC = YES;
				CLANG_WARN_BOOL_CONVERSION = YES;
				CLANG_WARN_CONSTANT_CONVERSION = YES;
				CLANG_WARN_DIRECT_OBJC_ISA_USAGE = YES_ERROR;
				CLANG_WARN_EMPTY_BODY = YES;
				CLANG_WARN_ENUM_CONVERSION = YES;
				CLANG_WARN_INT_CONVERSION = YES;
				CLANG_WARN_OBJC_ROOT_CLASS = YES_ERROR;
				CLANG_WARN_UNREACHABLE_CODE = YES;
				CLANG_WARN__DUPLICATE_METHOD_MATCH = YES;
				"CODE_SIGN_IDENTITY[sdk=iphoneos*]" = "iPhone Developer";
				COPY_PHASE_STRIP = NO;
				ENABLE_STRICT_OBJC_MSGSEND = YES;
				GCC_C_LANGUAGE_STANDARD = gnu99;
				GCC_DYNAMIC_NO_PIC = NO;
				GCC_OPTIMIZATION_LEVEL = 0;
				GCC_PREPROCESSOR_DEFINITIONS = (
					"DEBUG=1",
					"$(inherited)",
				);
				GCC_SYMBOLS_PRIVATE_EXTERN = NO;
				GCC_WARN_64_TO_32_BIT_CONVERSION = YES;
				GCC_WARN_ABOUT_RETURN_TYPE = YES_ERROR;
				GCC_WARN_UNDECLARED_SELECTOR = YES;
				GCC_WARN_UNINITIALIZED_AUTOS = YES_AGGRESSIVE;
				GCC_WARN_UNUSED_FUNCTION = YES;
				GCC_WARN_UNUSED_VARIABLE = YES;
				IPHONEOS_DEPLOYMENT_TARGET = 8.1;
				MTL_ENABLE_DEBUG_INFO = YES;
				ONLY_ACTIVE_ARCH = YES;
				SDKROOT = iphoneos;
				SWIFT_OPTIMIZATION_LEVEL = "-Onone";
			};
			name = Debug;
		};
		77CA3DF51A23D79B002F82A4 /* Release */ = {
			isa = XCBuildConfiguration;
			buildSettings = {
				ALWAYS_SEARCH_USER_PATHS = NO;
				CLANG_CXX_LANGUAGE_STANDARD = "gnu++0x";
				CLANG_CXX_LIBRARY = "libc++";
				CLANG_ENABLE_MODULES = YES;
				CLANG_ENABLE_OBJC_ARC = YES;
				CLANG_WARN_BOOL_CONVERSION = YES;
				CLANG_WARN_CONSTANT_CONVERSION = YES;
				CLANG_WARN_DIRECT_OBJC_ISA_USAGE = YES_ERROR;
				CLANG_WARN_EMPTY_BODY = YES;
				CLANG_WARN_ENUM_CONVERSION = YES;
				CLANG_WARN_INT_CONVERSION = YES;
				CLANG_WARN_OBJC_ROOT_CLASS = YES_ERROR;
				CLANG_WARN_UNREACHABLE_CODE = YES;
				CLANG_WARN__DUPLICATE_METHOD_MATCH = YES;
				"CODE_SIGN_IDENTITY[sdk=iphoneos*]" = "iPhone Developer";
				COPY_PHASE_STRIP = YES;
				ENABLE_NS_ASSERTIONS = NO;
				ENABLE_STRICT_OBJC_MSGSEND = YES;
				GCC_C_LANGUAGE_STANDARD = gnu99;
				GCC_WARN_64_TO_32_BIT_CONVERSION = YES;
				GCC_WARN_ABOUT_RETURN_TYPE = YES_ERROR;
				GCC_WARN_UNDECLARED_SELECTOR = YES;
				GCC_WARN_UNINITIALIZED_AUTOS = YES_AGGRESSIVE;
				GCC_WARN_UNUSED_FUNCTION = YES;
				GCC_WARN_UNUSED_VARIABLE = YES;
				IPHONEOS_DEPLOYMENT_TARGET = 8.1;
				MTL_ENABLE_DEBUG_INFO = NO;
				SDKROOT = iphoneos;
				VALIDATE_PRODUCT = YES;
			};
			name = Release;
		};
		77CA3DF71A23D79B002F82A4 /* Debug */ = {
			isa = XCBuildConfiguration;
			buildSettings = {
				ASSETCATALOG_COMPILER_APPICON_NAME = AppIcon;
				INFOPLIST_FILE = MyFirstApp/Info.plist;
				LD_RUNPATH_SEARCH_PATHS = "$(inherited) @executable_path/Frameworks";
				PRODUCT_NAME = "$(TARGET_NAME)";
			};
			name = Debug;
		};
		77CA3DF81A23D79B002F82A4 /* Release */ = {
			isa = XCBuildConfiguration;
			buildSettings = {
				ASSETCATALOG_COMPILER_APPICON_NAME = AppIcon;
				INFOPLIST_FILE = MyFirstApp/Info.plist;
				LD_RUNPATH_SEARCH_PATHS = "$(inherited) @executable_path/Frameworks";
				PRODUCT_NAME = "$(TARGET_NAME)";
			};
			name = Release;
		};
		77CA3DFA1A23D79B002F82A4 /* Debug */ = {
			isa = XCBuildConfiguration;
			buildSettings = {
				BUNDLE_LOADER = "$(TEST_HOST)";
				FRAMEWORK_SEARCH_PATHS = (
					"$(SDKROOT)/Developer/Library/Frameworks",
					"$(inherited)",
				);
				GCC_PREPROCESSOR_DEFINITIONS = (
					"DEBUG=1",
					"$(inherited)",
				);
				INFOPLIST_FILE = MyFirstAppTests/Info.plist;
				LD_RUNPATH_SEARCH_PATHS = "$(inherited) @executable_path/Frameworks @loader_path/Frameworks";
				PRODUCT_NAME = "$(TARGET_NAME)";
				TEST_HOST = "$(BUILT_PRODUCTS_DIR)/MyFirstApp.app/MyFirstApp";
			};
			name = Debug;
		};
		77CA3DFB1A23D79B002F82A4 /* Release */ = {
			isa = XCBuildConfiguration;
			buildSettings = {
				BUNDLE_LOADER = "$(TEST_HOST)";
				FRAMEWORK_SEARCH_PATHS = (
					"$(SDKROOT)/Developer/Library/Frameworks",
					"$(inherited)",
				);
				INFOPLIST_FILE = MyFirstAppTests/Info.plist;
				LD_RUNPATH_SEARCH_PATHS = "$(inherited) @executable_path/Frameworks @loader_path/Frameworks";
				PRODUCT_NAME = "$(TARGET_NAME)";
				TEST_HOST = "$(BUILT_PRODUCTS_DIR)/MyFirstApp.app/MyFirstApp";
			};
			name = Release;
		};
/* End XCBuildConfiguration section */

/* Begin XCConfigurationList section */
		77CA3DD21A23D79A002F82A4 /* Build configuration list for PBXProject "MyFirstApp" */ = {
			isa = XCConfigurationList;
			buildConfigurations = (
				77CA3DF41A23D79B002F82A4 /* Debug */,
				77CA3DF51A23D79B002F82A4 /* Release */,
			);
			defaultConfigurationIsVisible = 0;
			defaultConfigurationName = Release;
		};
		77CA3DF61A23D79B002F82A4 /* Build configuration list for PBXNativeTarget "MyFirstApp" */ = {
			isa = XCConfigurationList;
			buildConfigurations = (
				77CA3DF71A23D79B002F82A4 /* Debug */,
				77CA3DF81A23D79B002F82A4 /* Release */,
			);
			defaultConfigurationIsVisible = 0;
		};
		77CA3DF91A23D79B002F82A4 /* Build configuration list for PBXNativeTarget "MyFirstAppTests" */ = {
			isa = XCConfigurationList;
			buildConfigurations = (
				77CA3DFA1A23D79B002F82A4 /* Debug */,
				77CA3DFB1A23D79B002F82A4 /* Release */,
			);
			defaultConfigurationIsVisible = 0;
		};
/* End XCConfigurationList section */
	};
	rootObject = 77CA3DCF1A23D79A002F82A4 /* Project object */;
}
